
Microsoft Visual Studio Solution File, Format Version 12.00
# Visual Studio Version 17
VisualStudioVersion = 17.5.002.0
MinimumVisualStudioVersion = 10.0.40219.1
Project("{9A19103F-16F7-4668-BE54-9A1E7A4F7556}") = "SourceGenerator.types", "SourceGenerator.types.csproj", "{2D09FFF0-A91D-4995-802D-7158DE1AF828}"
EndProject
Global
	GlobalSection(SolutionConfigurationPlatforms) = preSolution
		Debug|Any CPU = Debug|Any CPU
		Release|Any CPU = Release|Any CPU
	EndGlobalSection
	GlobalSection(ProjectConfigurationPlatforms) = postSolution
		{2D09FFF0-A91D-4995-802D-7158DE1AF828}.Debug|Any CPU.ActiveCfg = Debug|Any CPU
		{2D09FFF0-A91D-4995-802D-7158DE1AF828}.Debug|Any CPU.Build.0 = Debug|Any CPU
		{2D09FFF0-A91D-4995-802D-7158DE1AF828}.Release|Any CPU.ActiveCfg = Release|Any CPU
		{2D09FFF0-A91D-4995-802D-7158DE1AF828}.Release|Any CPU.Build.0 = Release|Any CPU
	EndGlobalSection
	GlobalSection(SolutionProperties) = preSolution
		HideSolutionNode = FALSE
	EndGlobalSection
	GlobalSection(ExtensibilityGlobals) = postSolution
		SolutionGuid = {25D3750C-5799-4F25-A4CE-1D1FCC1DE413}
	EndGlobalSection
EndGlobal
